// !$*UTF8*$!
{
	archiveVersion = 1;
	classes = {
	};
	objectVersion = 77;
	objects = {

/* Begin PBXBuildFile section */
		89CA072D2EDE5F0A0063F970 /* FirebaseAuth in Frameworks */ = {isa = PBXBuildFile; productRef = 89CA072C2EDE5F0A0063F970 /* FirebaseAuth */; };
		89CA072F2EDE5F0A0063F970 /* FirebaseCore in Frameworks */ = {isa = PBXBuildFile; productRef = 89CA072E2EDE5F0A0063F970 /* FirebaseCore */; };
		89CA07312EDE5F0A0063F970 /* FirebaseFirestore in Frameworks */ = {isa = PBXBuildFile; productRef = 89CA07302EDE5F0A0063F970 /* FirebaseFirestore */; };
		89CA07332EDE5F0A0063F970 /* FirebaseStorage in Frameworks */ = {isa = PBXBuildFile; productRef = 89CA07322EDE5F0A0063F970 /* FirebaseStorage */; };
		89CA0AEE2EDEE8760063F970 /* Assets.xcassets in Resources */ = {isa = PBXBuildFile; fileRef = 89CA0AED2EDEE8760063F970 /* Assets.xcassets */; };
		89CA0AF02EDEE95F0063F970 /* FoodLensApp.swift in Sources */ = {isa = PBXBuildFile; fileRef = 89CA0AEF2EDEE95F0063F970 /* FoodLensApp.swift */; };
		89CA0AF22EDEE9920063F970 /* ContentView.swift in Sources */ = {isa = PBXBuildFile; fileRef = 89CA0AF12EDEE9920063F970 /* ContentView.swift */; };
		89CA0AF42EDF6CAF0063F970 /* GoogleService-Info.plist in Resources */ = {isa = PBXBuildFile; fileRef = 89CA0AF32EDF6CAF0063F970 /* GoogleService-Info.plist */; };
		89CA0DDD2EDF90E20063F970 /* .gitignore in Sources */ = {isa = PBXBuildFile; fileRef = 89CA0DDB2EDF90DE0063F970 /* .gitignore */; };
/* End PBXBuildFile section */

/* Begin PBXFileReference section */
		89CA0AED2EDEE8760063F970 /* Assets.xcassets */ = {isa = PBXFileReference; lastKnownFileType = folder.assetcatalog; path = Assets.xcassets; sourceTree = "<group>"; };
		89CA0AEF2EDEE95F0063F970 /* FoodLensApp.swift */ = {isa = PBXFileReference; lastKnownFileType = sourcecode.swift; path = FoodLensApp.swift; sourceTree = "<group>"; };
		89CA0AF12EDEE9920063F970 /* ContentView.swift */ = {isa = PBXFileReference; lastKnownFileType = sourcecode.swift; path = ContentView.swift; sourceTree = "<group>"; };
		89CA0AF32EDF6CAF0063F970 /* GoogleService-Info.plist */ = {isa = PBXFileReference; lastKnownFileType = text.plist.xml; path = "GoogleService-Info.plist"; sourceTree = "<group>"; };
		89CA0AF72EDF753A0063F970 /* Info.plist */ = {isa = PBXFileReference; lastKnownFileType = text.plist.xml; path = Info.plist; sourceTree = "<group>"; };
		89CA0DDB2EDF90DE0063F970 /* .gitignore */ = {isa = PBXFileReference; lastKnownFileType = text; path = .gitignore; sourceTree = "<group>"; };
		89CA11762EDF9B320063F970 /* FoodLens.app */ = {isa = PBXFileReference; explicitFileType = wrapper.application; includeInIndex = 0; name = FoodLens.app; path = "/Users/melanieescobar/programs/FoodLens/build/Debug-iphoneos/FoodLens.app"; sourceTree = "<absolute>"; };
/* End PBXFileReference section */

/* Begin PBXFileSystemSynchronizedRootGroup section */
		89351FC02EB29AB7007CCC0E /* FoodLens */ = {
			isa = PBXFileSystemSynchronizedRootGroup;
			path = FoodLens;
			sourceTree = "<group>";
		};
/* End PBXFileSystemSynchronizedRootGroup section */

/* Begin PBXFrameworksBuildPhase section */
		89351FBB2EB29AB7007CCC0E /* Frameworks */ = {
			isa = PBXFrameworksBuildPhase;
			buildActionMask = 2147483647;
			files = (
				89CA072F2EDE5F0A0063F970 /* FirebaseCore in Frameworks */,
				89CA07332EDE5F0A0063F970 /* FirebaseStorage in Frameworks */,
				89CA072D2EDE5F0A0063F970 /* FirebaseAuth in Frameworks */,
				89CA07312EDE5F0A0063F970 /* FirebaseFirestore in Frameworks */,
			);
			runOnlyForDeploymentPostprocessing = 0;
		};
/* End PBXFrameworksBuildPhase section */

/* Begin PBXGroup section */
		89351FB52EB29AB7007CCC0E = {
			isa = PBXGroup;
			children = (
				89351FC02EB29AB7007CCC0E /* FoodLens */,
				89CA0AEF2EDEE95F0063F970 /* FoodLensApp.swift */,
				89CA0AF12EDEE9920063F970 /* ContentView.swift */,
				89CA0AED2EDEE8760063F970 /* Assets.xcassets */,
				89CA0AF72EDF753A0063F970 /* Info.plist */,
				89CA0AF32EDF6CAF0063F970 /* GoogleService-Info.plist */,
				89CA0DDB2EDF90DE0063F970 /* .gitignore */,
			);
			sourceTree = "<group>";
		};
/* End PBXGroup section */

/* Begin PBXNativeTarget section */
		89351FBD2EB29AB7007CCC0E /* FoodLens */ = {
			isa = PBXNativeTarget;
			buildConfigurationList = 89351FC92EB29AB9007CCC0E /* Build configuration list for PBXNativeTarget "FoodLens" */;
			buildPhases = (
				89351FBA2EB29AB7007CCC0E /* Sources */,
				89351FBB2EB29AB7007CCC0E /* Frameworks */,
				89351FBC2EB29AB7007CCC0E /* Resources */,
			);
			buildRules = (
			);
			dependencies = (
			);
			fileSystemSynchronizedGroups = (
				89351FC02EB29AB7007CCC0E /* FoodLens */,
			);
			name = FoodLens;
			packageProductDependencies = (
				89CA072C2EDE5F0A0063F970 /* FirebaseAuth */,
				89CA072E2EDE5F0A0063F970 /* FirebaseCore */,
				89CA07302EDE5F0A0063F970 /* FirebaseFirestore */,
				89CA07322EDE5F0A0063F970 /* FirebaseStorage */,
			);
			productName = FoodLens;
			productReference = 89CA11762EDF9B320063F970 /* FoodLens.app */;
			productType = "com.apple.product-type.application";
		};
/* End PBXNativeTarget section */

/* Begin PBXProject section */
		89351FB62EB29AB7007CCC0E /* Project object */ = {
			isa = PBXProject;
			attributes = {
				BuildIndependentTargetsInParallel = 1;
				LastSwiftUpdateCheck = 2600;
				LastUpgradeCheck = 2600;
				TargetAttributes = {
					89351FBD2EB29AB7007CCC0E = {
						CreatedOnToolsVersion = 26.0.1;
					};
				};
			};
			buildConfigurationList = 89351FB92EB29AB7007CCC0E /* Build configuration list for PBXProject "FoodLens" */;
			developmentRegion = en;
			hasScannedForEncodings = 0;
			knownRegions = (
				en,
				Base,
			);
			mainGroup = 89351FB52EB29AB7007CCC0E;
			minimizedProjectReferenceProxies = 1;
			packageReferences = (
				89CA072B2EDE5F0A0063F970 /* XCRemoteSwiftPackageReference "firebase-ios-sdk" */,
			);
			preferredProjectObjectVersion = 77;
			productRefGroup = 89351FB52EB29AB7007CCC0E;
			projectDirPath = "";
			projectRoot = "";
			targets = (
				89351FBD2EB29AB7007CCC0E /* FoodLens */,
			);
		};
/* End PBXProject section */

/* Begin PBXResourcesBuildPhase section */
		89351FBC2EB29AB7007CCC0E /* Resources */ = {
			isa = PBXResourcesBuildPhase;
			buildActionMask = 2147483647;
			files = (
				89CA0AEE2EDEE8760063F970 /* Assets.xcassets in Resources */,
				89CA0AF42EDF6CAF0063F970 /* GoogleService-Info.plist in Resources */,
			);
			runOnlyForDeploymentPostprocessing = 0;
		};
/* End PBXResourcesBuildPhase section */

/* Begin PBXSourcesBuildPhase section */
		89351FBA2EB29AB7007CCC0E /* Sources */ = {
			isa = PBXSourcesBuildPhase;
			buildActionMask = 2147483647;
			files = (
				89CA0DDD2EDF90E20063F970 /* .gitignore in Sources */,
				89CA0AF22EDEE9920063F970 /* ContentView.swift in Sources */,
				89CA0AF02EDEE95F0063F970 /* FoodLensApp.swift in Sources */,
			);
			runOnlyForDeploymentPostprocessing = 0;
		};
/* End PBXSourcesBuildPhase section */

/* Begin XCBuildConfiguration section */
		89351FC72EB29AB9007CCC0E /* Debug */ = {
			isa = XCBuildConfiguration;
			buildSettings = {
				ALWAYS_SEARCH_USER_PATHS = NO;
				ASSETCATALOG_COMPILER_GENERATE_SWIFT_ASSET_SYMBOL_EXTENSIONS = YES;
				CLANG_ANALYZER_NONNULL = YES;
				CLANG_ANALYZER_NUMBER_OBJECT_CONVERSION = YES_AGGRESSIVE;
				CLANG_CXX_LANGUAGE_STANDARD = "gnu++20";
				CLANG_ENABLE_MODULES = YES;
				CLANG_ENABLE_OBJC_ARC = YES;
				CLANG_ENABLE_OBJC_WEAK = YES;
				CLANG_WARN_BLOCK_CAPTURE_AUTORELEASING = YES;
				CLANG_WARN_BOOL_CONVERSION = YES;
				CLANG_WARN_COMMA = YES;
				CLANG_WARN_CONSTANT_CONVERSION = YES;
				CLANG_WARN_DEPRECATED_OBJC_IMPLEMENTATIONS = YES;
				CLANG_WARN_DIRECT_OBJC_ISA_USAGE = YES_ERROR;
				CLANG_WARN_DOCUMENTATION_COMMENTS = YES;
				CLANG_WARN_EMPTY_BODY = YES;
				CLANG_WARN_ENUM_CONVERSION = YES;
				CLANG_WARN_INFINITE_RECURSION = YES;
				CLANG_WARN_INT_CONVERSION = YES;
				CLANG_WARN_NON_LITERAL_NULL_CONVERSION = YES;
				CLANG_WARN_OBJC_IMPLICIT_RETAIN_SELF = YES;
				CLANG_WARN_OBJC_LITERAL_CONVERSION = YES;
				CLANG_WARN_OBJC_ROOT_CLASS = YES_ERROR;
				CLANG_WARN_QUOTED_INCLUDE_IN_FRAMEWORK_HEADER = YES;
				CLANG_WARN_RANGE_LOOP_ANALYSIS = YES;
				CLANG_WARN_STRICT_PROTOTYPES = YES;
				CLANG_WARN_SUSPICIOUS_MOVE = YES;
				CLANG_WARN_UNGUARDED_AVAILABILITY = YES_AGGRESSIVE;
				CLANG_WARN_UNREACHABLE_CODE = YES;
				CLANG_WARN__DUPLICATE_METHOD_MATCH = YES;
				COPY_PHASE_STRIP = NO;
				DEBUG_INFORMATION_FORMAT = dwarf;
				DEVELOPMENT_TEAM = 32PGANQPJ4;
				ENABLE_STRICT_OBJC_MSGSEND = YES;
				ENABLE_TESTABILITY = YES;
				ENABLE_USER_SCRIPT_SANDBOXING = YES;
				GCC_C_LANGUAGE_STANDARD = gnu17;
				GCC_DYNAMIC_NO_PIC = NO;
				GCC_NO_COMMON_BLOCKS = YES;
				GCC_OPTIMIZATION_LEVEL = 0;
				GCC_PREPROCESSOR_DEFINITIONS = (
					"DEBUG=1",
					"$(inherited)",
				);
				GCC_WARN_64_TO_32_BIT_CONVERSION = YES;
				GCC_WARN_ABOUT_RETURN_TYPE = YES_ERROR;
				GCC_WARN_UNDECLARED_SELECTOR = YES;
				GCC_WARN_UNINITIALIZED_AUTOS = YES_AGGRESSIVE;
				GCC_WARN_UNUSED_FUNCTION = YES;
				GCC_WARN_UNUSED_VARIABLE = YES;
				IPHONEOS_DEPLOYMENT_TARGET = 26.0;
				LOCALIZATION_PREFERS_STRING_CATALOGS = YES;
				MTL_ENABLE_DEBUG_INFO = INCLUDE_SOURCE;
				MTL_FAST_MATH = YES;
				ONLY_ACTIVE_ARCH = YES;
				SDKROOT = iphoneos;
				SWIFT_ACTIVE_COMPILATION_CONDITIONS = "DEBUG $(inherited)";
				SWIFT_OPTIMIZATION_LEVEL = "-Onone";
			};
			name = Debug;
		};
		89351FC82EB29AB9007CCC0E /* Release */ = {
			isa = XCBuildConfiguration;
			buildSettings = {
				ALWAYS_SEARCH_USER_PATHS = NO;
				ASSETCATALOG_COMPILER_GENERATE_SWIFT_ASSET_SYMBOL_EXTENSIONS = YES;
				CLANG_ANALYZER_NONNULL = YES;
				CLANG_ANALYZER_NUMBER_OBJECT_CONVERSION = YES_AGGRESSIVE;
				CLANG_CXX_LANGUAGE_STANDARD = "gnu++20";
				CLANG_ENABLE_MODULES = YES;
				CLANG_ENABLE_OBJC_ARC = YES;
				CLANG_ENABLE_OBJC_WEAK = YES;
				CLANG_WARN_BLOCK_CAPTURE_AUTORELEASING = YES;
				CLANG_WARN_BOOL_CONVERSION = YES;
				CLANG_WARN_COMMA = YES;
				CLANG_WARN_CONSTANT_CONVERSION = YES;
				CLANG_WARN_DEPRECATED_OBJC_IMPLEMENTATIONS = YES;
				CLANG_WARN_DIRECT_OBJC_ISA_USAGE = YES_ERROR;
				CLANG_WARN_DOCUMENTATION_COMMENTS = YES;
				CLANG_WARN_EMPTY_BODY = YES;
				CLANG_WARN_ENUM_CONVERSION = YES;
				CLANG_WARN_INFINITE_RECURSION = YES;
				CLANG_WARN_INT_CONVERSION = YES;
				CLANG_WARN_NON_LITERAL_NULL_CONVERSION = YES;
				CLANG_WARN_OBJC_IMPLICIT_RETAIN_SELF = YES;
				CLANG_WARN_OBJC_LITERAL_CONVERSION = YES;
				CLANG_WARN_OBJC_ROOT_CLASS = YES_ERROR;
				CLANG_WARN_QUOTED_INCLUDE_IN_FRAMEWORK_HEADER = YES;
				CLANG_WARN_RANGE_LOOP_ANALYSIS = YES;
				CLANG_WARN_STRICT_PROTOTYPES = YES;
				CLANG_WARN_SUSPICIOUS_MOVE = YES;
				CLANG_WARN_UNGUARDED_AVAILABILITY = YES_AGGRESSIVE;
				CLANG_WARN_UNREACHABLE_CODE = YES;
				CLANG_WARN__DUPLICATE_METHOD_MATCH = YES;
				COPY_PHASE_STRIP = NO;
				DEBUG_INFORMATION_FORMAT = "dwarf-with-dsym";
				DEVELOPMENT_TEAM = 32PGANQPJ4;
				ENABLE_NS_ASSERTIONS = NO;
				ENABLE_STRICT_OBJC_MSGSEND = YES;
				ENABLE_USER_SCRIPT_SANDBOXING = YES;
				GCC_C_LANGUAGE_STANDARD = gnu17;
				GCC_NO_COMMON_BLOCKS = YES;
				GCC_WARN_64_TO_32_BIT_CONVERSION = YES;
				GCC_WARN_ABOUT_RETURN_TYPE = YES_ERROR;
				GCC_WARN_UNDECLARED_SELECTOR = YES;
				GCC_WARN_UNINITIALIZED_AUTOS = YES_AGGRESSIVE;
				GCC_WARN_UNUSED_FUNCTION = YES;
				GCC_WARN_UNUSED_VARIABLE = YES;
				IPHONEOS_DEPLOYMENT_TARGET = 26.0;
				LOCALIZATION_PREFERS_STRING_CATALOGS = YES;
				MTL_ENABLE_DEBUG_INFO = NO;
				MTL_FAST_MATH = YES;
				SDKROOT = iphoneos;
				SWIFT_COMPILATION_MODE = wholemodule;
				VALIDATE_PRODUCT = YES;
			};
			name = Release;
		};
		89351FCA2EB29AB9007CCC0E /* Debug */ = {
			isa = XCBuildConfiguration;
			buildSettings = {
				ASSETCATALOG_COMPILER_APPICON_NAME = AppIcon;
				ASSETCATALOG_COMPILER_GLOBAL_ACCENT_COLOR_NAME = AccentColor;
				CODE_SIGN_STYLE = Automatic;
				CURRENT_PROJECT_VERSION = 2;
				DEVELOPMENT_TEAM = 32PGANQPJ4;
				ENABLE_PREVIEWS = YES;
				GENERATE_INFOPLIST_FILE = YES;
				INFOPLIST_FILE = Info.plist;
				INFOPLIST_KEY_UIApplicationSceneManifest_Generation = YES;
				INFOPLIST_KEY_UIApplicationSupportsIndirectInputEvents = YES;
				INFOPLIST_KEY_UISupportedInterfaceOrientations_iPad = "UIInterfaceOrientationPortrait UIInterfaceOrientationPortraitUpsideDown UIInterfaceOrientationLandscapeLeft UIInterfaceOrientationLandscapeRight";
				INFOPLIST_KEY_UISupportedInterfaceOrientations_iPhone = "UIInterfaceOrientationPortrait UIInterfaceOrientationLandscapeLeft UIInterfaceOrientationLandscapeRight";
				LD_RUNPATH_SEARCH_PATHS = (
					"$(inherited)",
					"@executable_path/Frameworks",
				);
				MARKETING_VERSION = 1.0;
				PRODUCT_BUNDLE_IDENTIFIER = ephimoon.FoodLens;
				PRODUCT_NAME = "$(TARGET_NAME)";
				STRING_CATALOG_GENERATE_SYMBOLS = YES;
				SWIFT_APPROACHABLE_CONCURRENCY = YES;
				SWIFT_DEFAULT_ACTOR_ISOLATION = MainActor;
				SWIFT_EMIT_LOC_STRINGS = YES;
				SWIFT_UPCOMING_FEATURE_MEMBER_IMPORT_VISIBILITY = YES;
				SWIFT_VERSION = 5.0;
				TARGETED_DEVICE_FAMILY = "1,2";
			};
			name = Debug;
		};
		89351FCB2EB29AB9007CCC0E /* Release */ = {
			isa = XCBuildConfiguration;
			buildSettings = {
				ASSETCATALOG_COMPILER_APPICON_NAME = AppIcon;
				ASSETCATALOG_COMPILER_GLOBAL_ACCENT_COLOR_NAME = AccentColor;
				CODE_SIGN_STYLE = Automatic;
				CURRENT_PROJECT_VERSION = 2;
				DEVELOPMENT_TEAM = 32PGANQPJ4;
				ENABLE_PREVIEWS = YES;
				GENERATE_INFOPLIST_FILE = YES;
				INFOPLIST_FILE = Info.plist;
				INFOPLIST_KEY_UIApplicationSceneManifest_Generation = YES;
				INFOPLIST_KEY_UIApplicationSupportsIndirectInputEvents = YES;
				INFOPLIST_KEY_UISupportedInterfaceOrientations_iPad = "UIInterfaceOrientationPortrait UIInterfaceOrientationPortraitUpsideDown UIInterfaceOrientationLandscapeLeft UIInterfaceOrientationLandscapeRight";
				INFOPLIST_KEY_UISupportedInterfaceOrientations_iPhone = "UIInterfaceOrientationPortrait UIInterfaceOrientationLandscapeLeft UIInterfaceOrientationLandscapeRight";
				LD_RUNPATH_SEARCH_PATHS = (
					"$(inherited)",
					"@executable_path/Frameworks",
				);
				MARKETING_VERSION = 1.0;
				PRODUCT_BUNDLE_IDENTIFIER = ephimoon.FoodLens;
				PRODUCT_NAME = "$(TARGET_NAME)";
				STRING_CATALOG_GENERATE_SYMBOLS = YES;
				SWIFT_APPROACHABLE_CONCURRENCY = YES;
				SWIFT_DEFAULT_ACTOR_ISOLATION = MainActor;
				SWIFT_EMIT_LOC_STRINGS = YES;
				SWIFT_UPCOMING_FEATURE_MEMBER_IMPORT_VISIBILITY = YES;
				SWIFT_VERSION = 5.0;
				TARGETED_DEVICE_FAMILY = "1,2";
			};
			name = Release;
		};
/* End XCBuildConfiguration section */

/* Begin XCConfigurationList section */
		89351FB92EB29AB7007CCC0E /* Build configuration list for PBXProject "FoodLens" */ = {
			isa = XCConfigurationList;
			buildConfigurations = (
				89351FC72EB29AB9007CCC0E /* Debug */,
				89351FC82EB29AB9007CCC0E /* Release */,
			);
			defaultConfigurationIsVisible = 0;
			defaultConfigurationName = Release;
		};
		89351FC92EB29AB9007CCC0E /* Build configuration list for PBXNativeTarget "FoodLens" */ = {
			isa = XCConfigurationList;
			buildConfigurations = (
				89351FCA2EB29AB9007CCC0E /* Debug */,
				89351FCB2EB29AB9007CCC0E /* Release */,
			);
			defaultConfigurationIsVisible = 0;
			defaultConfigurationName = Release;
		};
/* End XCConfigurationList section */

/* Begin XCRemoteSwiftPackageReference section */
		89CA072B2EDE5F0A0063F970 /* XCRemoteSwiftPackageReference "firebase-ios-sdk" */ = {
			isa = XCRemoteSwiftPackageReference;
			repositoryURL = "https://github.com/firebase/firebase-ios-sdk.git";
			requirement = {
				kind = upToNextMajorVersion;
				minimumVersion = 12.6.0;
			};
		};
/* End XCRemoteSwiftPackageReference section */

/* Begin XCSwiftPackageProductDependency section */
		89CA072C2EDE5F0A0063F970 /* FirebaseAuth */ = {
			isa = XCSwiftPackageProductDependency;
			package = 89CA072B2EDE5F0A0063F970 /* XCRemoteSwiftPackageReference "firebase-ios-sdk" */;
			productName = FirebaseAuth;
		};
		89CA072E2EDE5F0A0063F970 /* FirebaseCore */ = {
			isa = XCSwiftPackageProductDependency;
			package = 89CA072B2EDE5F0A0063F970 /* XCRemoteSwiftPackageReference "firebase-ios-sdk" */;
			productName = FirebaseCore;
		};
		89CA07302EDE5F0A0063F970 /* FirebaseFirestore */ = {
			isa = XCSwiftPackageProductDependency;
			package = 89CA072B2EDE5F0A0063F970 /* XCRemoteSwiftPackageReference "firebase-ios-sdk" */;
			productName = FirebaseFirestore;
		};
		89CA07322EDE5F0A0063F970 /* FirebaseStorage */ = {
			isa = XCSwiftPackageProductDependency;
			package = 89CA072B2EDE5F0A0063F970 /* XCRemoteSwiftPackageReference "firebase-ios-sdk" */;
			productName = FirebaseStorage;
		};
/* End XCSwiftPackageProductDependency section */
	};
	rootObject = 89351FB62EB29AB7007CCC0E /* Project object */;
}
